
Microsoft Visual Studio Solution File, Format Version 12.00
# Visual Studio Version 17
VisualStudioVersion = 17.2.32505.173
MinimumVisualStudioVersion = 10.0.40219.1
Project("{FAE04EC0-301F-11D3-BF4B-00C04F79EFBC}") = "lab-11-2", "lab-11-2\lab-11-2.csproj", "{7241DF35-37FE-463F-9CDB-B170B2D6076A}"
EndProject
Global
	GlobalSection(SolutionConfigurationPlatforms) = preSolution
		Debug|Any CPU = Debug|Any CPU
		Release|Any CPU = Release|Any CPU
	EndGlobalSection
	GlobalSection(ProjectConfigurationPlatforms) = postSolution
		{7241DF35-37FE-463F-9CDB-B170B2D6076A}.Debug|Any CPU.ActiveCfg = Debug|Any CPU
		{7241DF35-37FE-463F-9CDB-B170B2D6076A}.Debug|Any CPU.Build.0 = Debug|Any CPU
		{7241DF35-37FE-463F-9CDB-B170B2D6076A}.Release|Any CPU.ActiveCfg = Release|Any CPU
		{7241DF35-37FE-463F-9CDB-B170B2D6076A}.Release|Any CPU.Build.0 = Release|Any CPU
	EndGlobalSection
	GlobalSection(SolutionProperties) = preSolution
		HideSolutionNode = FALSE
	EndGlobalSection
	GlobalSection(ExtensibilityGlobals) = postSolution
		SolutionGuid = {706AD2B4-E7C7-45D6-9A05-7E1A540128B1}
	EndGlobalSection
EndGlobal
